
Microsoft Visual Studio Solution File, Format Version 12.00
# Visual Studio Version 16
VisualStudioVersion = 16.0.31112.23
MinimumVisualStudioVersion = 10.0.40219.1
Project("{FAE04EC0-301F-11D3-BF4B-00C04F79EFBC}") = "PE_EventsAndDelegates", "PE_EventsAndDelegates.csproj", "{3CEA7296-6F66-455B-904A-29B6FA235390}"
EndProject
Global
	GlobalSection(SolutionConfigurationPlatforms) = preSolution
		Debug|Any CPU = Debug|Any CPU
		Release|Any CPU = Release|Any CPU
	EndGlobalSection
	GlobalSection(ProjectConfigurationPlatforms) = postSolution
		{3CEA7296-6F66-455B-904A-29B6FA235390}.Debug|Any CPU.ActiveCfg = Debug|Any CPU
		{3CEA7296-6F66-455B-904A-29B6FA235390}.Debug|Any CPU.Build.0 = Debug|Any CPU
		{3CEA7296-6F66-455B-904A-29B6FA235390}.Release|Any CPU.ActiveCfg = Release|Any CPU
		{3CEA7296-6F66-455B-904A-29B6FA235390}.Release|Any CPU.Build.0 = Release|Any CPU
	EndGlobalSection
	GlobalSection(SolutionProperties) = preSolution
		HideSolutionNode = FALSE
	EndGlobalSection
	GlobalSection(ExtensibilityGlobals) = postSolution
		SolutionGuid = {4216221A-C917-48A1-AC13-620ABD628C4D}
	EndGlobalSection
EndGlobal
