
Microsoft Visual Studio Solution File, Format Version 12.00
# Visual Studio Version 16
VisualStudioVersion = 16.0.31112.23
MinimumVisualStudioVersion = 10.0.40219.1
Project("{FAE04EC0-301F-11D3-BF4B-00C04F79EFBC}") = "PE_Interfaces", "PE_Interfaces.csproj", "{6F5B67E5-13CB-4E08-99D3-35F89D20467F}"
EndProject
Global
	GlobalSection(SolutionConfigurationPlatforms) = preSolution
		Debug|Any CPU = Debug|Any CPU
		Release|Any CPU = Release|Any CPU
	EndGlobalSection
	GlobalSection(ProjectConfigurationPlatforms) = postSolution
		{6F5B67E5-13CB-4E08-99D3-35F89D20467F}.Debug|Any CPU.ActiveCfg = Debug|Any CPU
		{6F5B67E5-13CB-4E08-99D3-35F89D20467F}.Debug|Any CPU.Build.0 = Debug|Any CPU
		{6F5B67E5-13CB-4E08-99D3-35F89D20467F}.Release|Any CPU.ActiveCfg = Release|Any CPU
		{6F5B67E5-13CB-4E08-99D3-35F89D20467F}.Release|Any CPU.Build.0 = Release|Any CPU
	EndGlobalSection
	GlobalSection(SolutionProperties) = preSolution
		HideSolutionNode = FALSE
	EndGlobalSection
	GlobalSection(ExtensibilityGlobals) = postSolution
		SolutionGuid = {C9B832B9-7201-411A-962C-48B4A6E6D47F}
	EndGlobalSection
EndGlobal
