
Microsoft Visual Studio Solution File, Format Version 12.00
# Visual Studio Version 16
VisualStudioVersion = 16.0.29102.190
MinimumVisualStudioVersion = 10.0.40219.1
Project("{FAE04EC0-301F-11D3-BF4B-00C04F79EFBC}") = "Homework_6", "Homework_6.csproj", "{6F79A348-9267-46F6-879D-5D3620126D16}"
EndProject
Global
	GlobalSection(SolutionConfigurationPlatforms) = preSolution
		Debug|Any CPU = Debug|Any CPU
		Release|Any CPU = Release|Any CPU
	EndGlobalSection
	GlobalSection(ProjectConfigurationPlatforms) = postSolution
		{6F79A348-9267-46F6-879D-5D3620126D16}.Debug|Any CPU.ActiveCfg = Debug|Any CPU
		{6F79A348-9267-46F6-879D-5D3620126D16}.Debug|Any CPU.Build.0 = Debug|Any CPU
		{6F79A348-9267-46F6-879D-5D3620126D16}.Release|Any CPU.ActiveCfg = Release|Any CPU
		{6F79A348-9267-46F6-879D-5D3620126D16}.Release|Any CPU.Build.0 = Release|Any CPU
	EndGlobalSection
	GlobalSection(SolutionProperties) = preSolution
		HideSolutionNode = FALSE
	EndGlobalSection
	GlobalSection(ExtensibilityGlobals) = postSolution
		SolutionGuid = {335DD334-7C1E-448F-B40C-3177DE87F26F}
	EndGlobalSection
EndGlobal
