
Microsoft Visual Studio Solution File, Format Version 12.00
# Visual Studio Version 16
VisualStudioVersion = 16.0.31112.23
MinimumVisualStudioVersion = 10.0.40219.1
Project("{FAE04EC0-301F-11D3-BF4B-00C04F79EFBC}") = "HW6_UI-From-Hell", "HW6_UI-From-Hell.csproj", "{024128F4-8455-4E1B-B203-65C9F05F7334}"
EndProject
Global
	GlobalSection(SolutionConfigurationPlatforms) = preSolution
		Debug|Any CPU = Debug|Any CPU
		Release|Any CPU = Release|Any CPU
	EndGlobalSection
	GlobalSection(ProjectConfigurationPlatforms) = postSolution
		{024128F4-8455-4E1B-B203-65C9F05F7334}.Debug|Any CPU.ActiveCfg = Debug|Any CPU
		{024128F4-8455-4E1B-B203-65C9F05F7334}.Debug|Any CPU.Build.0 = Debug|Any CPU
		{024128F4-8455-4E1B-B203-65C9F05F7334}.Release|Any CPU.ActiveCfg = Release|Any CPU
		{024128F4-8455-4E1B-B203-65C9F05F7334}.Release|Any CPU.Build.0 = Release|Any CPU
	EndGlobalSection
	GlobalSection(SolutionProperties) = preSolution
		HideSolutionNode = FALSE
	EndGlobalSection
	GlobalSection(ExtensibilityGlobals) = postSolution
		SolutionGuid = {47187EE1-CDDD-467E-A2A3-12C5903C2371}
	EndGlobalSection
EndGlobal
