
Microsoft Visual Studio Solution File, Format Version 12.00
# Visual Studio Version 16
VisualStudioVersion = 16.0.31112.23
MinimumVisualStudioVersion = 10.0.40219.1
Project("{FAE04EC0-301F-11D3-BF4B-00C04F79EFBC}") = "HW_5-CustomDictionary", "HW_5-CustomDictionary.csproj", "{0D2D89E8-CA0A-4673-AD45-762C4A34B109}"
EndProject
Global
	GlobalSection(SolutionConfigurationPlatforms) = preSolution
		Debug|Any CPU = Debug|Any CPU
		Release|Any CPU = Release|Any CPU
	EndGlobalSection
	GlobalSection(ProjectConfigurationPlatforms) = postSolution
		{0D2D89E8-CA0A-4673-AD45-762C4A34B109}.Debug|Any CPU.ActiveCfg = Debug|Any CPU
		{0D2D89E8-CA0A-4673-AD45-762C4A34B109}.Debug|Any CPU.Build.0 = Debug|Any CPU
		{0D2D89E8-CA0A-4673-AD45-762C4A34B109}.Release|Any CPU.ActiveCfg = Release|Any CPU
		{0D2D89E8-CA0A-4673-AD45-762C4A34B109}.Release|Any CPU.Build.0 = Release|Any CPU
	EndGlobalSection
	GlobalSection(SolutionProperties) = preSolution
		HideSolutionNode = FALSE
	EndGlobalSection
	GlobalSection(ExtensibilityGlobals) = postSolution
		SolutionGuid = {9CB634AD-B439-4385-BB31-114527D6C58E}
	EndGlobalSection
EndGlobal
