
Microsoft Visual Studio Solution File, Format Version 12.00
# Visual Studio Version 16
VisualStudioVersion = 16.0.29102.190
MinimumVisualStudioVersion = 10.0.40219.1
Project("{FAE04EC0-301F-11D3-BF4B-00C04F79EFBC}") = "PE_OperatorOverloading", "PE_OperatorOverloading.csproj", "{3F53BDFC-8A57-49B3-9A71-C92285F4CBF1}"
EndProject
Global
	GlobalSection(SolutionConfigurationPlatforms) = preSolution
		Debug|Any CPU = Debug|Any CPU
		Release|Any CPU = Release|Any CPU
	EndGlobalSection
	GlobalSection(ProjectConfigurationPlatforms) = postSolution
		{3F53BDFC-8A57-49B3-9A71-C92285F4CBF1}.Debug|Any CPU.ActiveCfg = Debug|Any CPU
		{3F53BDFC-8A57-49B3-9A71-C92285F4CBF1}.Debug|Any CPU.Build.0 = Debug|Any CPU
		{3F53BDFC-8A57-49B3-9A71-C92285F4CBF1}.Release|Any CPU.ActiveCfg = Release|Any CPU
		{3F53BDFC-8A57-49B3-9A71-C92285F4CBF1}.Release|Any CPU.Build.0 = Release|Any CPU
	EndGlobalSection
	GlobalSection(SolutionProperties) = preSolution
		HideSolutionNode = FALSE
	EndGlobalSection
	GlobalSection(ExtensibilityGlobals) = postSolution
		SolutionGuid = {B99C5650-AAF3-4E8E-9028-D4C9FE5CFCC2}
	EndGlobalSection
EndGlobal
